// !$*UTF8*$!
{
	archiveVersion = 1;
	classes = {
	};
	objectVersion = 48;
	objects = {

/* Begin PBXBuildFile section */
		57B5592D233AECB000E9DF57 /* AppDelegate.swift in Sources */ = {isa = PBXBuildFile; fileRef = 57B5592C233AECB000E9DF57 /* AppDelegate.swift */; };
		57B5592F233AECB000E9DF57 /* ViewController.swift in Sources */ = {isa = PBXBuildFile; fileRef = 57B5592E233AECB000E9DF57 /* ViewController.swift */; };
		57B55932233AECB000E9DF57 /* Main.storyboard in Resources */ = {isa = PBXBuildFile; fileRef = 57B55930233AECB000E9DF57 /* Main.storyboard */; };
		57B55934233AECB000E9DF57 /* Assets.xcassets in Resources */ = {isa = PBXBuildFile; fileRef = 57B55933233AECB000E9DF57 /* Assets.xcassets */; };
		57B55937233AECB000E9DF57 /* LaunchScreen.storyboard in Resources */ = {isa = PBXBuildFile; fileRef = 57B55935233AECB000E9DF57 /* LaunchScreen.storyboard */; };
		57B55942233AECB000E9DF57 /* TwitterAppMVPTests.swift in Sources */ = {isa = PBXBuildFile; fileRef = 57B55941233AECB000E9DF57 /* TwitterAppMVPTests.swift */; };
		57B5594D233AECB000E9DF57 /* TwitterAppMVPUITests.swift in Sources */ = {isa = PBXBuildFile; fileRef = 57B5594C233AECB000E9DF57 /* TwitterAppMVPUITests.swift */; };
/* End PBXBuildFile section */

/* Begin PBXContainerItemProxy section */
		57B5593E233AECB000E9DF57 /* PBXContainerItemProxy */ = {
			isa = PBXContainerItemProxy;
			containerPortal = 57B55921233AECB000E9DF57 /* Project object */;
			proxyType = 1;
			remoteGlobalIDString = 57B55928233AECB000E9DF57;
			remoteInfo = TwitterAppMVP;
		};
		57B55949233AECB000E9DF57 /* PBXContainerItemProxy */ = {
			isa = PBXContainerItemProxy;
			containerPortal = 57B55921233AECB000E9DF57 /* Project object */;
			proxyType = 1;
			remoteGlobalIDString = 57B55928233AECB000E9DF57;
			remoteInfo = TwitterAppMVP;
		};
/* End PBXContainerItemProxy section */

/* Begin PBXFileReference section */
		57B55929233AECB000E9DF57 /* TwitterAppMVP.app */ = {isa = PBXFileReference; explicitFileType = wrapper.application; includeInIndex = 0; path = TwitterAppMVP.app; sourceTree = BUILT_PRODUCTS_DIR; };
		57B5592C233AECB000E9DF57 /* AppDelegate.swift */ = {isa = PBXFileReference; lastKnownFileType = sourcecode.swift; path = AppDelegate.swift; sourceTree = "<group>"; };
		57B5592E233AECB000E9DF57 /* ViewController.swift */ = {isa = PBXFileReference; lastKnownFileType = sourcecode.swift; path = ViewController.swift; sourceTree = "<group>"; };
		57B55931233AECB000E9DF57 /* Base */ = {isa = PBXFileReference; lastKnownFileType = file.storyboard; name = Base; path = Base.lproj/Main.storyboard; sourceTree = "<group>"; };
		57B55933233AECB000E9DF57 /* Assets.xcassets */ = {isa = PBXFileReference; lastKnownFileType = folder.assetcatalog; path = Assets.xcassets; sourceTree = "<group>"; };
		57B55936233AECB000E9DF57 /* Base */ = {isa = PBXFileReference; lastKnownFileType = file.storyboard; name = Base; path = Base.lproj/LaunchScreen.storyboard; sourceTree = "<group>"; };
		57B55938233AECB000E9DF57 /* Info.plist */ = {isa = PBXFileReference; lastKnownFileType = text.plist.xml; path = Info.plist; sourceTree = "<group>"; };
		57B5593D233AECB000E9DF57 /* TwitterAppMVPTests.xctest */ = {isa = PBXFileReference; explicitFileType = wrapper.cfbundle; includeInIndex = 0; path = TwitterAppMVPTests.xctest; sourceTree = BUILT_PRODUCTS_DIR; };
		57B55941233AECB000E9DF57 /* TwitterAppMVPTests.swift */ = {isa = PBXFileReference; lastKnownFileType = sourcecode.swift; path = TwitterAppMVPTests.swift; sourceTree = "<group>"; };
		57B55943233AECB000E9DF57 /* Info.plist */ = {isa = PBXFileReference; lastKnownFileType = text.plist.xml; path = Info.plist; sourceTree = "<group>"; };
		57B55948233AECB000E9DF57 /* TwitterAppMVPUITests.xctest */ = {isa = PBXFileReference; explicitFileType = wrapper.cfbundle; includeInIndex = 0; path = TwitterAppMVPUITests.xctest; sourceTree = BUILT_PRODUCTS_DIR; };
		57B5594C233AECB000E9DF57 /* TwitterAppMVPUITests.swift */ = {isa = PBXFileReference; lastKnownFileType = sourcecode.swift; path = TwitterAppMVPUITests.swift; sourceTree = "<group>"; };
		57B5594E233AECB000E9DF57 /* Info.plist */ = {isa = PBXFileReference; lastKnownFileType = text.plist.xml; path = Info.plist; sourceTree = "<group>"; };
/* End PBXFileReference section */

/* Begin PBXFrameworksBuildPhase section */
		57B55926233AECB000E9DF57 /* Frameworks */ = {
			isa = PBXFrameworksBuildPhase;
			buildActionMask = 2147483647;
			files = (
			);
			runOnlyForDeploymentPostprocessing = 0;
		};
		57B5593A233AECB000E9DF57 /* Frameworks */ = {
			isa = PBXFrameworksBuildPhase;
			buildActionMask = 2147483647;
			files = (
			);
			runOnlyForDeploymentPostprocessing = 0;
		};
		57B55945233AECB000E9DF57 /* Frameworks */ = {
			isa = PBXFrameworksBuildPhase;
			buildActionMask = 2147483647;
			files = (
			);
			runOnlyForDeploymentPostprocessing = 0;
		};
/* End PBXFrameworksBuildPhase section */

/* Begin PBXGroup section */
		57B55920233AECB000E9DF57 = {
			isa = PBXGroup;
			children = (
				57B5592B233AECB000E9DF57 /* TwitterAppMVP */,
				57B55940233AECB000E9DF57 /* TwitterAppMVPTests */,
				57B5594B233AECB000E9DF57 /* TwitterAppMVPUITests */,
				57B5592A233AECB000E9DF57 /* Products */,
			);
			sourceTree = "<group>";
		};
		57B5592A233AECB000E9DF57 /* Products */ = {
			isa = PBXGroup;
			children = (
				57B55929233AECB000E9DF57 /* TwitterAppMVP.app */,
				57B5593D233AECB000E9DF57 /* TwitterAppMVPTests.xctest */,
				57B55948233AECB000E9DF57 /* TwitterAppMVPUITests.xctest */,
			);
			name = Products;
			sourceTree = "<group>";
		};
		57B5592B233AECB000E9DF57 /* TwitterAppMVP */ = {
			isa = PBXGroup;
			children = (
				57B5592C233AECB000E9DF57 /* AppDelegate.swift */,
				57B5592E233AECB000E9DF57 /* ViewController.swift */,
				57B55930233AECB000E9DF57 /* Main.storyboard */,
				57B55933233AECB000E9DF57 /* Assets.xcassets */,
				57B55935233AECB000E9DF57 /* LaunchScreen.storyboard */,
				57B55938233AECB000E9DF57 /* Info.plist */,
			);
			path = TwitterAppMVP;
			sourceTree = "<group>";
		};
		57B55940233AECB000E9DF57 /* TwitterAppMVPTests */ = {
			isa = PBXGroup;
			children = (
				57B55941233AECB000E9DF57 /* TwitterAppMVPTests.swift */,
				57B55943233AECB000E9DF57 /* Info.plist */,
			);
			path = TwitterAppMVPTests;
			sourceTree = "<group>";
		};
		57B5594B233AECB000E9DF57 /* TwitterAppMVPUITests */ = {
			isa = PBXGroup;
			children = (
				57B5594C233AECB000E9DF57 /* TwitterAppMVPUITests.swift */,
				57B5594E233AECB000E9DF57 /* Info.plist */,
			);
			path = TwitterAppMVPUITests;
			sourceTree = "<group>";
		};
/* End PBXGroup section */

/* Begin PBXNativeTarget section */
		57B55928233AECB000E9DF57 /* TwitterAppMVP */ = {
			isa = PBXNativeTarget;
			buildConfigurationList = 57B55951233AECB000E9DF57 /* Build configuration list for PBXNativeTarget "TwitterAppMVP" */;
			buildPhases = (
				57B55925233AECB000E9DF57 /* Sources */,
				57B55926233AECB000E9DF57 /* Frameworks */,
				57B55927233AECB000E9DF57 /* Resources */,
			);
			buildRules = (
			);
			dependencies = (
			);
			name = TwitterAppMVP;
			productName = TwitterAppMVP;
			productReference = 57B55929233AECB000E9DF57 /* TwitterAppMVP.app */;
			productType = "com.apple.product-type.application";
		};
		57B5593C233AECB000E9DF57 /* TwitterAppMVPTests */ = {
			isa = PBXNativeTarget;
			buildConfigurationList = 57B55954233AECB000E9DF57 /* Build configuration list for PBXNativeTarget "TwitterAppMVPTests" */;
			buildPhases = (
				57B55939233AECB000E9DF57 /* Sources */,
				57B5593A233AECB000E9DF57 /* Frameworks */,
				57B5593B233AECB000E9DF57 /* Resources */,
			);
			buildRules = (
			);
			dependencies = (
				57B5593F233AECB000E9DF57 /* PBXTargetDependency */,
			);
			name = TwitterAppMVPTests;
			productName = TwitterAppMVPTests;
			productReference = 57B5593D233AECB000E9DF57 /* TwitterAppMVPTests.xctest */;
			productType = "com.apple.product-type.bundle.unit-test";
		};
		57B55947233AECB000E9DF57 /* TwitterAppMVPUITests */ = {
			isa = PBXNativeTarget;
			buildConfigurationList = 57B55957233AECB000E9DF57 /* Build configuration list for PBXNativeTarget "TwitterAppMVPUITests" */;
			buildPhases = (
				57B55944233AECB000E9DF57 /* Sources */,
				57B55945233AECB000E9DF57 /* Frameworks */,
				57B55946233AECB000E9DF57 /* Resources */,
			);
			buildRules = (
			);
			dependencies = (
				57B5594A233AECB000E9DF57 /* PBXTargetDependency */,
			);
			name = TwitterAppMVPUITests;
			productName = TwitterAppMVPUITests;
			productReference = 57B55948233AECB000E9DF57 /* TwitterAppMVPUITests.xctest */;
			productType = "com.apple.product-type.bundle.ui-testing";
		};
/* End PBXNativeTarget section */

/* Begin PBXProject section */
		57B55921233AECB000E9DF57 /* Project object */ = {
			isa = PBXProject;
			attributes = {
				LastSwiftUpdateCheck = 0920;
				LastUpgradeCheck = 0920;
				ORGANIZATIONNAME = "Ahmet Tuztașı";
				TargetAttributes = {
					57B55928233AECB000E9DF57 = {
						CreatedOnToolsVersion = 9.2;
						ProvisioningStyle = Automatic;
					};
					57B5593C233AECB000E9DF57 = {
						CreatedOnToolsVersion = 9.2;
						ProvisioningStyle = Automatic;
						TestTargetID = 57B55928233AECB000E9DF57;
					};
					57B55947233AECB000E9DF57 = {
						CreatedOnToolsVersion = 9.2;
						ProvisioningStyle = Automatic;
						TestTargetID = 57B55928233AECB000E9DF57;
					};
				};
			};
			buildConfigurationList = 57B55924233AECB000E9DF57 /* Build configuration list for PBXProject "TwitterAppMVP" */;
			compatibilityVersion = "Xcode 8.0";
			developmentRegion = en;
			hasScannedForEncodings = 0;
			knownRegions = (
				en,
				Base,
			);
			mainGroup = 57B55920233AECB000E9DF57;
			productRefGroup = 57B5592A233AECB000E9DF57 /* Products */;
			projectDirPath = "";
			projectRoot = "";
			targets = (
				57B55928233AECB000E9DF57 /* TwitterAppMVP */,
				57B5593C233AECB000E9DF57 /* TwitterAppMVPTests */,
				57B55947233AECB000E9DF57 /* TwitterAppMVPUITests */,
			);
		};
/* End PBXProject section */

/* Begin PBXResourcesBuildPhase section */
		57B55927233AECB000E9DF57 /* Resources */ = {
			isa = PBXResourcesBuildPhase;
			buildActionMask = 2147483647;
			files = (
				57B55937233AECB000E9DF57 /* LaunchScreen.storyboard in Resources */,
				57B55934233AECB000E9DF57 /* Assets.xcassets in Resources */,
				57B55932233AECB000E9DF57 /* Main.storyboard in Resources */,
			);
			runOnlyForDeploymentPostprocessing = 0;
		};
		57B5593B233AECB000E9DF57 /* Resources */ = {
			isa = PBXResourcesBuildPhase;
			buildActionMask = 2147483647;
			files = (
			);
			runOnlyForDeploymentPostprocessing = 0;
		};
		57B55946233AECB000E9DF57 /* Resources */ = {
			isa = PBXResourcesBuildPhase;
			buildActionMask = 2147483647;
			files = (
			);
			runOnlyForDeploymentPostprocessing = 0;
		};
/* End PBXResourcesBuildPhase section */

/* Begin PBXSourcesBuildPhase section */
		57B55925233AECB000E9DF57 /* Sources */ = {
			isa = PBXSourcesBuildPhase;
			buildActionMask = 2147483647;
			files = (
				57B5592F233AECB000E9DF57 /* ViewController.swift in Sources */,
				57B5592D233AECB000E9DF57 /* AppDelegate.swift in Sources */,
			);
			runOnlyForDeploymentPostprocessing = 0;
		};
		57B55939233AECB000E9DF57 /* Sources */ = {
			isa = PBXSourcesBuildPhase;
			buildActionMask = 2147483647;
			files = (
				57B55942233AECB000E9DF57 /* TwitterAppMVPTests.swift in Sources */,
			);
			runOnlyForDeploymentPostprocessing = 0;
		};
		57B55944233AECB000E9DF57 /* Sources */ = {
			isa = PBXSourcesBuildPhase;
			buildActionMask = 2147483647;
			files = (
				57B5594D233AECB000E9DF57 /* TwitterAppMVPUITests.swift in Sources */,
			);
			runOnlyForDeploymentPostprocessing = 0;
		};
/* End PBXSourcesBuildPhase section */

/* Begin PBXTargetDependency section */
		57B5593F233AECB000E9DF57 /* PBXTargetDependency */ = {
			isa = PBXTargetDependency;
			target = 57B55928233AECB000E9DF57 /* TwitterAppMVP */;
			targetProxy = 57B5593E233AECB000E9DF57 /* PBXContainerItemProxy */;
		};
		57B5594A233AECB000E9DF57 /* PBXTargetDependency */ = {
			isa = PBXTargetDependency;
			target = 57B55928233AECB000E9DF57 /* TwitterAppMVP */;
			targetProxy = 57B55949233AECB000E9DF57 /* PBXContainerItemProxy */;
		};
/* End PBXTargetDependency section */

/* Begin PBXVariantGroup section */
		57B55930233AECB000E9DF57 /* Main.storyboard */ = {
			isa = PBXVariantGroup;
			children = (
				57B55931233AECB000E9DF57 /* Base */,
			);
			name = Main.storyboard;
			sourceTree = "<group>";
		};
		57B55935233AECB000E9DF57 /* LaunchScreen.storyboard */ = {
			isa = PBXVariantGroup;
			children = (
				57B55936233AECB000E9DF57 /* Base */,
			);
			name = LaunchScreen.storyboard;
			sourceTree = "<group>";
		};
/* End PBXVariantGroup section */

/* Begin XCBuildConfiguration section */
		57B5594F233AECB000E9DF57 /* Debug */ = {
			isa = XCBuildConfiguration;
			buildSettings = {
				ALWAYS_SEARCH_USER_PATHS = NO;
				CLANG_ANALYZER_NONNULL = YES;
				CLANG_ANALYZER_NUMBER_OBJECT_CONVERSION = YES_AGGRESSIVE;
				CLANG_CXX_LANGUAGE_STANDARD = "gnu++14";
				CLANG_CXX_LIBRARY = "libc++";
				CLANG_ENABLE_MODULES = YES;
				CLANG_ENABLE_OBJC_ARC = YES;
				CLANG_WARN_BLOCK_CAPTURE_AUTORELEASING = YES;
				CLANG_WARN_BOOL_CONVERSION = YES;
				CLANG_WARN_COMMA = YES;
				CLANG_WARN_CONSTANT_CONVERSION = YES;
				CLANG_WARN_DIRECT_OBJC_ISA_USAGE = YES_ERROR;
				CLANG_WARN_DOCUMENTATION_COMMENTS = YES;
				CLANG_WARN_EMPTY_BODY = YES;
				CLANG_WARN_ENUM_CONVERSION = YES;
				CLANG_WARN_INFINITE_RECURSION = YES;
				CLANG_WARN_INT_CONVERSION = YES;
				CLANG_WARN_NON_LITERAL_NULL_CONVERSION = YES;
				CLANG_WARN_OBJC_LITERAL_CONVERSION = YES;
				CLANG_WARN_OBJC_ROOT_CLASS = YES_ERROR;
				CLANG_WARN_RANGE_LOOP_ANALYSIS = YES;
				CLANG_WARN_STRICT_PROTOTYPES = YES;
				CLANG_WARN_SUSPICIOUS_MOVE = YES;
				CLANG_WARN_UNGUARDED_AVAILABILITY = YES_AGGRESSIVE;
				CLANG_WARN_UNREACHABLE_CODE = YES;
				CLANG_WARN__DUPLICATE_METHOD_MATCH = YES;
				CODE_SIGN_IDENTITY = "iPhone Developer";
				COPY_PHASE_STRIP = NO;
				DEBUG_INFORMATION_FORMAT = dwarf;
				ENABLE_STRICT_OBJC_MSGSEND = YES;
				ENABLE_TESTABILITY = YES;
				GCC_C_LANGUAGE_STANDARD = gnu11;
				GCC_DYNAMIC_NO_PIC = NO;
				GCC_NO_COMMON_BLOCKS = YES;
				GCC_OPTIMIZATION_LEVEL = 0;
				GCC_PREPROCESSOR_DEFINITIONS = (
					"DEBUG=1",
					"$(inherited)",
				);
				GCC_WARN_64_TO_32_BIT_CONVERSION = YES;
				GCC_WARN_ABOUT_RETURN_TYPE = YES_ERROR;
				GCC_WARN_UNDECLARED_SELECTOR = YES;
				GCC_WARN_UNINITIALIZED_AUTOS = YES_AGGRESSIVE;
				GCC_WARN_UNUSED_FUNCTION = YES;
				GCC_WARN_UNUSED_VARIABLE = YES;
				IPHONEOS_DEPLOYMENT_TARGET = 11.2;
				MTL_ENABLE_DEBUG_INFO = YES;
				ONLY_ACTIVE_ARCH = YES;
				SDKROOT = iphoneos;
				SWIFT_ACTIVE_COMPILATION_CONDITIONS = DEBUG;
				SWIFT_OPTIMIZATION_LEVEL = "-Onone";
			};
			name = Debug;
		};
		57B55950233AECB000E9DF57 /* Release */ = {
			isa = XCBuildConfiguration;
			buildSettings = {
				ALWAYS_SEARCH_USER_PATHS = NO;
				CLANG_ANALYZER_NONNULL = YES;
				CLANG_ANALYZER_NUMBER_OBJECT_CONVERSION = YES_AGGRESSIVE;
				CLANG_CXX_LANGUAGE_STANDARD = "gnu++14";
				CLANG_CXX_LIBRARY = "libc++";
				CLANG_ENABLE_MODULES = YES;
				CLANG_ENABLE_OBJC_ARC = YES;
				CLANG_WARN_BLOCK_CAPTURE_AUTORELEASING = YES;
				CLANG_WARN_BOOL_CONVERSION = YES;
				CLANG_WARN_COMMA = YES;
				CLANG_WARN_CONSTANT_CONVERSION = YES;
				CLANG_WARN_DIRECT_OBJC_ISA_USAGE = YES_ERROR;
				CLANG_WARN_DOCUMENTATION_COMMENTS = YES;
				CLANG_WARN_EMPTY_BODY = YES;
				CLANG_WARN_ENUM_CONVERSION = YES;
				CLANG_WARN_INFINITE_RECURSION = YES;
				CLANG_WARN_INT_CONVERSION = YES;
				CLANG_WARN_NON_LITERAL_NULL_CONVERSION = YES;
				CLANG_WARN_OBJC_LITERAL_CONVERSION = YES;
				CLANG_WARN_OBJC_ROOT_CLASS = YES_ERROR;
				CLANG_WARN_RANGE_LOOP_ANALYSIS = YES;
				CLANG_WARN_STRICT_PROTOTYPES = YES;
				CLANG_WARN_SUSPICIOUS_MOVE = YES;
				CLANG_WARN_UNGUARDED_AVAILABILITY = YES_AGGRESSIVE;
				CLANG_WARN_UNREACHABLE_CODE = YES;
				CLANG_WARN__DUPLICATE_METHOD_MATCH = YES;
				CODE_SIGN_IDENTITY = "iPhone Developer";
				COPY_PHASE_STRIP = NO;
				DEBUG_INFORMATION_FORMAT = "dwarf-with-dsym";
				ENABLE_NS_ASSERTIONS = NO;
				ENABLE_STRICT_OBJC_MSGSEND = YES;
				GCC_C_LANGUAGE_STANDARD = gnu11;
				GCC_NO_COMMON_BLOCKS = YES;
				GCC_WARN_64_TO_32_BIT_CONVERSION = YES;
				GCC_WARN_ABOUT_RETURN_TYPE = YES_ERROR;
				GCC_WARN_UNDECLARED_SELECTOR = YES;
				GCC_WARN_UNINITIALIZED_AUTOS = YES_AGGRESSIVE;
				GCC_WARN_UNUSED_FUNCTION = YES;
				GCC_WARN_UNUSED_VARIABLE = YES;
				IPHONEOS_DEPLOYMENT_TARGET = 11.2;
				MTL_ENABLE_DEBUG_INFO = NO;
				SDKROOT = iphoneos;
				SWIFT_OPTIMIZATION_LEVEL = "-Owholemodule";
				VALIDATE_PRODUCT = YES;
			};
			name = Release;
		};
		57B55952233AECB000E9DF57 /* Debug */ = {
			isa = XCBuildConfiguration;
			buildSettings = {
				ASSETCATALOG_COMPILER_APPICON_NAME = AppIcon;
				CODE_SIGN_STYLE = Automatic;
				INFOPLIST_FILE = TwitterAppMVP/Info.plist;
				LD_RUNPATH_SEARCH_PATHS = "$(inherited) @executable_path/Frameworks";
				PRODUCT_BUNDLE_IDENTIFIER = Demo.TwitterAppMVP;
				PRODUCT_NAME = "$(TARGET_NAME)";
				SWIFT_VERSION = 4.0;
				TARGETED_DEVICE_FAMILY = "1,2";
			};
			name = Debug;
		};
		57B55953233AECB000E9DF57 /* Release */ = {
			isa = XCBuildConfiguration;
			buildSettings = {
				ASSETCATALOG_COMPILER_APPICON_NAME = AppIcon;
				CODE_SIGN_STYLE = Automatic;
				INFOPLIST_FILE = TwitterAppMVP/Info.plist;
				LD_RUNPATH_SEARCH_PATHS = "$(inherited) @executable_path/Frameworks";
				PRODUCT_BUNDLE_IDENTIFIER = Demo.TwitterAppMVP;
				PRODUCT_NAME = "$(TARGET_NAME)";
				SWIFT_VERSION = 4.0;
				TARGETED_DEVICE_FAMILY = "1,2";
			};
			name = Release;
		};
		57B55955233AECB000E9DF57 /* Debug */ = {
			isa = XCBuildConfiguration;
			buildSettings = {
				ALWAYS_EMBED_SWIFT_STANDARD_LIBRARIES = YES;
				BUNDLE_LOADER = "$(TEST_HOST)";
				CODE_SIGN_STYLE = Automatic;
				INFOPLIST_FILE = TwitterAppMVPTests/Info.plist;
				LD_RUNPATH_SEARCH_PATHS = "$(inherited) @executable_path/Frameworks @loader_path/Frameworks";
				PRODUCT_BUNDLE_IDENTIFIER = Demo.TwitterAppMVPTests;
				PRODUCT_NAME = "$(TARGET_NAME)";
				SWIFT_VERSION = 4.0;
				TARGETED_DEVICE_FAMILY = "1,2";
				TEST_HOST = "$(BUILT_PRODUCTS_DIR)/TwitterAppMVP.app/TwitterAppMVP";
			};
			name = Debug;
		};
		57B55956233AECB000E9DF57 /* Release */ = {
			isa = XCBuildConfiguration;
			buildSettings = {
				ALWAYS_EMBED_SWIFT_STANDARD_LIBRARIES = YES;
				BUNDLE_LOADER = "$(TEST_HOST)";
				CODE_SIGN_STYLE = Automatic;
				INFOPLIST_FILE = TwitterAppMVPTests/Info.plist;
				LD_RUNPATH_SEARCH_PATHS = "$(inherited) @executable_path/Frameworks @loader_path/Frameworks";
				PRODUCT_BUNDLE_IDENTIFIER = Demo.TwitterAppMVPTests;
				PRODUCT_NAME = "$(TARGET_NAME)";
				SWIFT_VERSION = 4.0;
				TARGETED_DEVICE_FAMILY = "1,2";
				TEST_HOST = "$(BUILT_PRODUCTS_DIR)/TwitterAppMVP.app/TwitterAppMVP";
			};
			name = Release;
		};
		57B55958233AECB000E9DF57 /* Debug */ = {
			isa = XCBuildConfiguration;
			buildSettings = {
				ALWAYS_EMBED_SWIFT_STANDARD_LIBRARIES = YES;
				CODE_SIGN_STYLE = Automatic;
				INFOPLIST_FILE = TwitterAppMVPUITests/Info.plist;
				LD_RUNPATH_SEARCH_PATHS = "$(inherited) @executable_path/Frameworks @loader_path/Frameworks";
				PRODUCT_BUNDLE_IDENTIFIER = Demo.TwitterAppMVPUITests;
				PRODUCT_NAME = "$(TARGET_NAME)";
				SWIFT_VERSION = 4.0;
				TARGETED_DEVICE_FAMILY = "1,2";
				TEST_TARGET_NAME = TwitterAppMVP;
			};
			name = Debug;
		};
		57B55959233AECB000E9DF57 /* Release */ = {
			isa = XCBuildConfiguration;
			buildSettings = {
				ALWAYS_EMBED_SWIFT_STANDARD_LIBRARIES = YES;
				CODE_SIGN_STYLE = Automatic;
				INFOPLIST_FILE = TwitterAppMVPUITests/Info.plist;
				LD_RUNPATH_SEARCH_PATHS = "$(inherited) @executable_path/Frameworks @loader_path/Frameworks";
				PRODUCT_BUNDLE_IDENTIFIER = Demo.TwitterAppMVPUITests;
				PRODUCT_NAME = "$(TARGET_NAME)";
				SWIFT_VERSION = 4.0;
				TARGETED_DEVICE_FAMILY = "1,2";
				TEST_TARGET_NAME = TwitterAppMVP;
			};
			name = Release;
		};
/* End XCBuildConfiguration section */

/* Begin XCConfigurationList section */
		57B55924233AECB000E9DF57 /* Build configuration list for PBXProject "TwitterAppMVP" */ = {
			isa = XCConfigurationList;
			buildConfigurations = (
				57B5594F233AECB000E9DF57 /* Debug */,
				57B55950233AECB000E9DF57 /* Release */,
			);
			defaultConfigurationIsVisible = 0;
			defaultConfigurationName = Release;
		};
		57B55951233AECB000E9DF57 /* Build configuration list for PBXNativeTarget "TwitterAppMVP" */ = {
			isa = XCConfigurationList;
			buildConfigurations = (
				57B55952233AECB000E9DF57 /* Debug */,
				57B55953233AECB000E9DF57 /* Release */,
			);
			defaultConfigurationIsVisible = 0;
			defaultConfigurationName = Release;
		};
		57B55954233AECB000E9DF57 /* Build configuration list for PBXNativeTarget "TwitterAppMVPTests" */ = {
			isa = XCConfigurationList;
			buildConfigurations = (
				57B55955233AECB000E9DF57 /* Debug */,
				57B55956233AECB000E9DF57 /* Release */,
			);
			defaultConfigurationIsVisible = 0;
			defaultConfigurationName = Release;
		};
		57B55957233AECB000E9DF57 /* Build configuration list for PBXNativeTarget "TwitterAppMVPUITests" */ = {
			isa = XCConfigurationList;
			buildConfigurations = (
				57B55958233AECB000E9DF57 /* Debug */,
				57B55959233AECB000E9DF57 /* Release */,
			);
			defaultConfigurationIsVisible = 0;
			defaultConfigurationName = Release;
		};
/* End XCConfigurationList section */
	};
	rootObject = 57B55921233AECB000E9DF57 /* Project object */;
}
